
Microsoft Visual Studio Solution File, Format Version 12.00
# Visual Studio Version 17
VisualStudioVersion = 17.0.31919.166
MinimumVisualStudioVersion = 10.0.40219.1
Project("{9A19103F-16F7-4668-BE54-9A1E7A4F7556}") = "MIST", "MIST\MIST.csproj", "{914897B4-7182-4235-B0E8-7DB786AEFE88}"
EndProject
Project("{9A19103F-16F7-4668-BE54-9A1E7A4F7556}") = "MIST_Web", "MIST_Web\MIST_Web.csproj", "{35D2E029-09B6-4771-B6AE-0992405D9582}"
EndProject
Project("{9A19103F-16F7-4668-BE54-9A1E7A4F7556}") = "MIST_infrastructure", "MIST_infrastructure\MIST_infrastructure.csproj", "{2B0AB687-AD66-4853-88E9-8D55784603F9}"
EndProject
Project("{FAE04EC0-301F-11D3-BF4B-00C04F79EFBC}") = "MIST_app.UWP", "MIST_app\MIST_app.UWP\MIST_app.UWP.csproj", "{1A75EDFD-88A0-426B-989D-2869E1311EAD}"
EndProject
Project("{FAE04EC0-301F-11D3-BF4B-00C04F79EFBC}") = "MIST_app.Android", "MIST_app\MIST_app.Android\MIST_app.Android.csproj", "{CDED95BB-4EF9-4946-B5DC-657F274CC0C2}"
EndProject
Project("{FAE04EC0-301F-11D3-BF4B-00C04F79EFBC}") = "MIST_app", "MIST_app\MIST_app\MIST_app.csproj", "{6188AD3E-DFED-47D8-8696-A62A6D2DD296}"
EndProject
Global
	GlobalSection(SolutionConfigurationPlatforms) = preSolution
		Debug|Any CPU = Debug|Any CPU
		Debug|ARM = Debug|ARM
		Debug|iPhone = Debug|iPhone
		Debug|iPhoneSimulator = Debug|iPhoneSimulator
		Debug|x64 = Debug|x64
		Debug|x86 = Debug|x86
		Release|Any CPU = Release|Any CPU
		Release|ARM = Release|ARM
		Release|iPhone = Release|iPhone
		Release|iPhoneSimulator = Release|iPhoneSimulator
		Release|x64 = Release|x64
		Release|x86 = Release|x86
	EndGlobalSection
	GlobalSection(ProjectConfigurationPlatforms) = postSolution
		{914897B4-7182-4235-B0E8-7DB786AEFE88}.Debug|Any CPU.ActiveCfg = Debug|Any CPU
		{914897B4-7182-4235-B0E8-7DB786AEFE88}.Debug|Any CPU.Build.0 = Debug|Any CPU
		{914897B4-7182-4235-B0E8-7DB786AEFE88}.Debug|ARM.ActiveCfg = Debug|Any CPU
		{914897B4-7182-4235-B0E8-7DB786AEFE88}.Debug|ARM.Build.0 = Debug|Any CPU
		{914897B4-7182-4235-B0E8-7DB786AEFE88}.Debug|iPhone.ActiveCfg = Debug|Any CPU
		{914897B4-7182-4235-B0E8-7DB786AEFE88}.Debug|iPhone.Build.0 = Debug|Any CPU
		{914897B4-7182-4235-B0E8-7DB786AEFE88}.Debug|iPhoneSimulator.ActiveCfg = Debug|Any CPU
		{914897B4-7182-4235-B0E8-7DB786AEFE88}.Debug|iPhoneSimulator.Build.0 = Debug|Any CPU
		{914897B4-7182-4235-B0E8-7DB786AEFE88}.Debug|x64.ActiveCfg = Debug|Any CPU
		{914897B4-7182-4235-B0E8-7DB786AEFE88}.Debug|x64.Build.0 = Debug|Any CPU
		{914897B4-7182-4235-B0E8-7DB786AEFE88}.Debug|x86.ActiveCfg = Debug|Any CPU
		{914897B4-7182-4235-B0E8-7DB786AEFE88}.Debug|x86.Build.0 = Debug|Any CPU
		{914897B4-7182-4235-B0E8-7DB786AEFE88}.Release|Any CPU.ActiveCfg = Release|Any CPU
		{914897B4-7182-4235-B0E8-7DB786AEFE88}.Release|Any CPU.Build.0 = Release|Any CPU
		{914897B4-7182-4235-B0E8-7DB786AEFE88}.Release|ARM.ActiveCfg = Release|Any CPU
		{914897B4-7182-4235-B0E8-7DB786AEFE88}.Release|ARM.Build.0 = Release|Any CPU
		{914897B4-7182-4235-B0E8-7DB786AEFE88}.Release|iPhone.ActiveCfg = Release|Any CPU
		{914897B4-7182-4235-B0E8-7DB786AEFE88}.Release|iPhone.Build.0 = Release|Any CPU
		{914897B4-7182-4235-B0E8-7DB786AEFE88}.Release|iPhoneSimulator.ActiveCfg = Release|Any CPU
		{914897B4-7182-4235-B0E8-7DB786AEFE88}.Release|iPhoneSimulator.Build.0 = Release|Any CPU
		{914897B4-7182-4235-B0E8-7DB786AEFE88}.Release|x64.ActiveCfg = Release|Any CPU
		{914897B4-7182-4235-B0E8-7DB786AEFE88}.Release|x64.Build.0 = Release|Any CPU
		{914897B4-7182-4235-B0E8-7DB786AEFE88}.Release|x86.ActiveCfg = Release|Any CPU
		{914897B4-7182-4235-B0E8-7DB786AEFE88}.Release|x86.Build.0 = Release|Any CPU
		{35D2E029-09B6-4771-B6AE-0992405D9582}.Debug|Any CPU.ActiveCfg = Debug|Any CPU
		{35D2E029-09B6-4771-B6AE-0992405D9582}.Debug|Any CPU.Build.0 = Debug|Any CPU
		{35D2E029-09B6-4771-B6AE-0992405D9582}.Debug|ARM.ActiveCfg = Debug|Any CPU
		{35D2E029-09B6-4771-B6AE-0992405D9582}.Debug|ARM.Build.0 = Debug|Any CPU
		{35D2E029-09B6-4771-B6AE-0992405D9582}.Debug|iPhone.ActiveCfg = Debug|Any CPU
		{35D2E029-09B6-4771-B6AE-0992405D9582}.Debug|iPhone.Build.0 = Debug|Any CPU
		{35D2E029-09B6-4771-B6AE-0992405D9582}.Debug|iPhoneSimulator.ActiveCfg = Debug|Any CPU
		{35D2E029-09B6-4771-B6AE-0992405D9582}.Debug|iPhoneSimulator.Build.0 = Debug|Any CPU
		{35D2E029-09B6-4771-B6AE-0992405D9582}.Debug|x64.ActiveCfg = Debug|Any CPU
		{35D2E029-09B6-4771-B6AE-0992405D9582}.Debug|x64.Build.0 = Debug|Any CPU
		{35D2E029-09B6-4771-B6AE-0992405D9582}.Debug|x86.ActiveCfg = Debug|Any CPU
		{35D2E029-09B6-4771-B6AE-0992405D9582}.Debug|x86.Build.0 = Debug|Any CPU
		{35D2E029-09B6-4771-B6AE-0992405D9582}.Release|Any CPU.ActiveCfg = Release|Any CPU
		{35D2E029-09B6-4771-B6AE-0992405D9582}.Release|Any CPU.Build.0 = Release|Any CPU
		{35D2E029-09B6-4771-B6AE-0992405D9582}.Release|ARM.ActiveCfg = Release|Any CPU
		{35D2E029-09B6-4771-B6AE-0992405D9582}.Release|ARM.Build.0 = Release|Any CPU
		{35D2E029-09B6-4771-B6AE-0992405D9582}.Release|iPhone.ActiveCfg = Release|Any CPU
		{35D2E029-09B6-4771-B6AE-0992405D9582}.Release|iPhone.Build.0 = Release|Any CPU
		{35D2E029-09B6-4771-B6AE-0992405D9582}.Release|iPhoneSimulator.ActiveCfg = Release|Any CPU
		{35D2E029-09B6-4771-B6AE-0992405D9582}.Release|iPhoneSimulator.Build.0 = Release|Any CPU
		{35D2E029-09B6-4771-B6AE-0992405D9582}.Release|x64.ActiveCfg = Release|Any CPU
		{35D2E029-09B6-4771-B6AE-0992405D9582}.Release|x64.Build.0 = Release|Any CPU
		{35D2E029-09B6-4771-B6AE-0992405D9582}.Release|x86.ActiveCfg = Release|Any CPU
		{35D2E029-09B6-4771-B6AE-0992405D9582}.Release|x86.Build.0 = Release|Any CPU
		{2B0AB687-AD66-4853-88E9-8D55784603F9}.Debug|Any CPU.ActiveCfg = Debug|Any CPU
		{2B0AB687-AD66-4853-88E9-8D55784603F9}.Debug|Any CPU.Build.0 = Debug|Any CPU
		{2B0AB687-AD66-4853-88E9-8D55784603F9}.Debug|ARM.ActiveCfg = Debug|Any CPU
		{2B0AB687-AD66-4853-88E9-8D55784603F9}.Debug|ARM.Build.0 = Debug|Any CPU
		{2B0AB687-AD66-4853-88E9-8D55784603F9}.Debug|iPhone.ActiveCfg = Debug|Any CPU
		{2B0AB687-AD66-4853-88E9-8D55784603F9}.Debug|iPhone.Build.0 = Debug|Any CPU
		{2B0AB687-AD66-4853-88E9-8D55784603F9}.Debug|iPhoneSimulator.ActiveCfg = Debug|Any CPU
		{2B0AB687-AD66-4853-88E9-8D55784603F9}.Debug|iPhoneSimulator.Build.0 = Debug|Any CPU
		{2B0AB687-AD66-4853-88E9-8D55784603F9}.Debug|x64.ActiveCfg = Debug|Any CPU
		{2B0AB687-AD66-4853-88E9-8D55784603F9}.Debug|x64.Build.0 = Debug|Any CPU
		{2B0AB687-AD66-4853-88E9-8D55784603F9}.Debug|x86.ActiveCfg = Debug|Any CPU
		{2B0AB687-AD66-4853-88E9-8D55784603F9}.Debug|x86.Build.0 = Debug|Any CPU
		{2B0AB687-AD66-4853-88E9-8D55784603F9}.Release|Any CPU.ActiveCfg = Release|Any CPU
		{2B0AB687-AD66-4853-88E9-8D55784603F9}.Release|Any CPU.Build.0 = Release|Any CPU
		{2B0AB687-AD66-4853-88E9-8D55784603F9}.Release|ARM.ActiveCfg = Release|Any CPU
		{2B0AB687-AD66-4853-88E9-8D55784603F9}.Release|ARM.Build.0 = Release|Any CPU
		{2B0AB687-AD66-4853-88E9-8D55784603F9}.Release|iPhone.ActiveCfg = Release|Any CPU
		{2B0AB687-AD66-4853-88E9-8D55784603F9}.Release|iPhone.Build.0 = Release|Any CPU
		{2B0AB687-AD66-4853-88E9-8D55784603F9}.Release|iPhoneSimulator.ActiveCfg = Release|Any CPU
		{2B0AB687-AD66-4853-88E9-8D55784603F9}.Release|iPhoneSimulator.Build.0 = Release|Any CPU
		{2B0AB687-AD66-4853-88E9-8D55784603F9}.Release|x64.ActiveCfg = Release|Any CPU
		{2B0AB687-AD66-4853-88E9-8D55784603F9}.Release|x64.Build.0 = Release|Any CPU
		{2B0AB687-AD66-4853-88E9-8D55784603F9}.Release|x86.ActiveCfg = Release|Any CPU
		{2B0AB687-AD66-4853-88E9-8D55784603F9}.Release|x86.Build.0 = Release|Any CPU
		{1A75EDFD-88A0-426B-989D-2869E1311EAD}.Debug|Any CPU.ActiveCfg = Debug|x64
		{1A75EDFD-88A0-426B-989D-2869E1311EAD}.Debug|Any CPU.Build.0 = Debug|x64
		{1A75EDFD-88A0-426B-989D-2869E1311EAD}.Debug|Any CPU.Deploy.0 = Debug|x64
		{1A75EDFD-88A0-426B-989D-2869E1311EAD}.Debug|ARM.ActiveCfg = Debug|ARM
		{1A75EDFD-88A0-426B-989D-2869E1311EAD}.Debug|ARM.Build.0 = Debug|ARM
		{1A75EDFD-88A0-426B-989D-2869E1311EAD}.Debug|ARM.Deploy.0 = Debug|ARM
		{1A75EDFD-88A0-426B-989D-2869E1311EAD}.Debug|iPhone.ActiveCfg = Debug|x64
		{1A75EDFD-88A0-426B-989D-2869E1311EAD}.Debug|iPhone.Build.0 = Debug|x64
		{1A75EDFD-88A0-426B-989D-2869E1311EAD}.Debug|iPhone.Deploy.0 = Debug|x64
		{1A75EDFD-88A0-426B-989D-2869E1311EAD}.Debug|iPhoneSimulator.ActiveCfg = Debug|x64
		{1A75EDFD-88A0-426B-989D-2869E1311EAD}.Debug|iPhoneSimulator.Build.0 = Debug|x64
		{1A75EDFD-88A0-426B-989D-2869E1311EAD}.Debug|iPhoneSimulator.Deploy.0 = Debug|x64
		{1A75EDFD-88A0-426B-989D-2869E1311EAD}.Debug|x64.ActiveCfg = Debug|x64
		{1A75EDFD-88A0-426B-989D-2869E1311EAD}.Debug|x64.Build.0 = Debug|x64
		{1A75EDFD-88A0-426B-989D-2869E1311EAD}.Debug|x64.Deploy.0 = Debug|x64
		{1A75EDFD-88A0-426B-989D-2869E1311EAD}.Debug|x86.ActiveCfg = Debug|x86
		{1A75EDFD-88A0-426B-989D-2869E1311EAD}.Debug|x86.Build.0 = Debug|x86
		{1A75EDFD-88A0-426B-989D-2869E1311EAD}.Debug|x86.Deploy.0 = Debug|x86
		{1A75EDFD-88A0-426B-989D-2869E1311EAD}.Release|Any CPU.ActiveCfg = Release|x64
		{1A75EDFD-88A0-426B-989D-2869E1311EAD}.Release|Any CPU.Build.0 = Release|x64
		{1A75EDFD-88A0-426B-989D-2869E1311EAD}.Release|Any CPU.Deploy.0 = Release|x64
		{1A75EDFD-88A0-426B-989D-2869E1311EAD}.Release|ARM.ActiveCfg = Release|ARM
		{1A75EDFD-88A0-426B-989D-2869E1311EAD}.Release|ARM.Build.0 = Release|ARM
		{1A75EDFD-88A0-426B-989D-2869E1311EAD}.Release|ARM.Deploy.0 = Release|ARM
		{1A75EDFD-88A0-426B-989D-2869E1311EAD}.Release|iPhone.ActiveCfg = Release|x64
		{1A75EDFD-88A0-426B-989D-2869E1311EAD}.Release|iPhone.Build.0 = Release|x64
		{1A75EDFD-88A0-426B-989D-2869E1311EAD}.Release|iPhone.Deploy.0 = Release|x64
		{1A75EDFD-88A0-426B-989D-2869E1311EAD}.Release|iPhoneSimulator.ActiveCfg = Release|x64
		{1A75EDFD-88A0-426B-989D-2869E1311EAD}.Release|iPhoneSimulator.Build.0 = Release|x64
		{1A75EDFD-88A0-426B-989D-2869E1311EAD}.Release|iPhoneSimulator.Deploy.0 = Release|x64
		{1A75EDFD-88A0-426B-989D-2869E1311EAD}.Release|x64.ActiveCfg = Release|x64
		{1A75EDFD-88A0-426B-989D-2869E1311EAD}.Release|x64.Build.0 = Release|x64
		{1A75EDFD-88A0-426B-989D-2869E1311EAD}.Release|x64.Deploy.0 = Release|x64
		{1A75EDFD-88A0-426B-989D-2869E1311EAD}.Release|x86.ActiveCfg = Release|x86
		{1A75EDFD-88A0-426B-989D-2869E1311EAD}.Release|x86.Build.0 = Release|x86
		{1A75EDFD-88A0-426B-989D-2869E1311EAD}.Release|x86.Deploy.0 = Release|x86
		{CDED95BB-4EF9-4946-B5DC-657F274CC0C2}.Debug|Any CPU.ActiveCfg = Debug|Any CPU
		{CDED95BB-4EF9-4946-B5DC-657F274CC0C2}.Debug|Any CPU.Build.0 = Debug|Any CPU
		{CDED95BB-4EF9-4946-B5DC-657F274CC0C2}.Debug|Any CPU.Deploy.0 = Debug|Any CPU
		{CDED95BB-4EF9-4946-B5DC-657F274CC0C2}.Debug|ARM.ActiveCfg = Debug|Any CPU
		{CDED95BB-4EF9-4946-B5DC-657F274CC0C2}.Debug|ARM.Build.0 = Debug|Any CPU
		{CDED95BB-4EF9-4946-B5DC-657F274CC0C2}.Debug|ARM.Deploy.0 = Debug|Any CPU
		{CDED95BB-4EF9-4946-B5DC-657F274CC0C2}.Debug|iPhone.ActiveCfg = Debug|Any CPU
		{CDED95BB-4EF9-4946-B5DC-657F274CC0C2}.Debug|iPhone.Build.0 = Debug|Any CPU
		{CDED95BB-4EF9-4946-B5DC-657F274CC0C2}.Debug|iPhone.Deploy.0 = Debug|Any CPU
		{CDED95BB-4EF9-4946-B5DC-657F274CC0C2}.Debug|iPhoneSimulator.ActiveCfg = Debug|Any CPU
		{CDED95BB-4EF9-4946-B5DC-657F274CC0C2}.Debug|iPhoneSimulator.Build.0 = Debug|Any CPU
		{CDED95BB-4EF9-4946-B5DC-657F274CC0C2}.Debug|iPhoneSimulator.Deploy.0 = Debug|Any CPU
		{CDED95BB-4EF9-4946-B5DC-657F274CC0C2}.Debug|x64.ActiveCfg = Debug|Any CPU
		{CDED95BB-4EF9-4946-B5DC-657F274CC0C2}.Debug|x64.Build.0 = Debug|Any CPU
		{CDED95BB-4EF9-4946-B5DC-657F274CC0C2}.Debug|x64.Deploy.0 = Debug|Any CPU
		{CDED95BB-4EF9-4946-B5DC-657F274CC0C2}.Debug|x86.ActiveCfg = Debug|Any CPU
		{CDED95BB-4EF9-4946-B5DC-657F274CC0C2}.Debug|x86.Build.0 = Debug|Any CPU
		{CDED95BB-4EF9-4946-B5DC-657F274CC0C2}.Debug|x86.Deploy.0 = Debug|Any CPU
		{CDED95BB-4EF9-4946-B5DC-657F274CC0C2}.Release|Any CPU.ActiveCfg = Release|Any CPU
		{CDED95BB-4EF9-4946-B5DC-657F274CC0C2}.Release|Any CPU.Build.0 = Release|Any CPU
		{CDED95BB-4EF9-4946-B5DC-657F274CC0C2}.Release|Any CPU.Deploy.0 = Release|Any CPU
		{CDED95BB-4EF9-4946-B5DC-657F274CC0C2}.Release|ARM.ActiveCfg = Release|Any CPU
		{CDED95BB-4EF9-4946-B5DC-657F274CC0C2}.Release|ARM.Build.0 = Release|Any CPU
		{CDED95BB-4EF9-4946-B5DC-657F274CC0C2}.Release|ARM.Deploy.0 = Release|Any CPU
		{CDED95BB-4EF9-4946-B5DC-657F274CC0C2}.Release|iPhone.ActiveCfg = Release|Any CPU
		{CDED95BB-4EF9-4946-B5DC-657F274CC0C2}.Release|iPhone.Build.0 = Release|Any CPU
		{CDED95BB-4EF9-4946-B5DC-657F274CC0C2}.Release|iPhone.Deploy.0 = Release|Any CPU
		{CDED95BB-4EF9-4946-B5DC-657F274CC0C2}.Release|iPhoneSimulator.ActiveCfg = Release|Any CPU
		{CDED95BB-4EF9-4946-B5DC-657F274CC0C2}.Release|iPhoneSimulator.Build.0 = Release|Any CPU
		{CDED95BB-4EF9-4946-B5DC-657F274CC0C2}.Release|iPhoneSimulator.Deploy.0 = Release|Any CPU
		{CDED95BB-4EF9-4946-B5DC-657F274CC0C2}.Release|x64.ActiveCfg = Release|Any CPU
		{CDED95BB-4EF9-4946-B5DC-657F274CC0C2}.Release|x64.Build.0 = Release|Any CPU
		{CDED95BB-4EF9-4946-B5DC-657F274CC0C2}.Release|x64.Deploy.0 = Release|Any CPU
		{CDED95BB-4EF9-4946-B5DC-657F274CC0C2}.Release|x86.ActiveCfg = Release|Any CPU
		{CDED95BB-4EF9-4946-B5DC-657F274CC0C2}.Release|x86.Build.0 = Release|Any CPU
		{CDED95BB-4EF9-4946-B5DC-657F274CC0C2}.Release|x86.Deploy.0 = Release|Any CPU
		{6188AD3E-DFED-47D8-8696-A62A6D2DD296}.Debug|Any CPU.ActiveCfg = Debug|Any CPU
		{6188AD3E-DFED-47D8-8696-A62A6D2DD296}.Debug|Any CPU.Build.0 = Debug|Any CPU
		{6188AD3E-DFED-47D8-8696-A62A6D2DD296}.Debug|ARM.ActiveCfg = Debug|Any CPU
		{6188AD3E-DFED-47D8-8696-A62A6D2DD296}.Debug|ARM.Build.0 = Debug|Any CPU
		{6188AD3E-DFED-47D8-8696-A62A6D2DD296}.Debug|iPhone.ActiveCfg = Debug|Any CPU
		{6188AD3E-DFED-47D8-8696-A62A6D2DD296}.Debug|iPhone.Build.0 = Debug|Any CPU
		{6188AD3E-DFED-47D8-8696-A62A6D2DD296}.Debug|iPhoneSimulator.ActiveCfg = Debug|Any CPU
		{6188AD3E-DFED-47D8-8696-A62A6D2DD296}.Debug|iPhoneSimulator.Build.0 = Debug|Any CPU
		{6188AD3E-DFED-47D8-8696-A62A6D2DD296}.Debug|x64.ActiveCfg = Debug|Any CPU
		{6188AD3E-DFED-47D8-8696-A62A6D2DD296}.Debug|x64.Build.0 = Debug|Any CPU
		{6188AD3E-DFED-47D8-8696-A62A6D2DD296}.Debug|x86.ActiveCfg = Debug|Any CPU
		{6188AD3E-DFED-47D8-8696-A62A6D2DD296}.Debug|x86.Build.0 = Debug|Any CPU
		{6188AD3E-DFED-47D8-8696-A62A6D2DD296}.Release|Any CPU.ActiveCfg = Release|Any CPU
		{6188AD3E-DFED-47D8-8696-A62A6D2DD296}.Release|Any CPU.Build.0 = Release|Any CPU
		{6188AD3E-DFED-47D8-8696-A62A6D2DD296}.Release|ARM.ActiveCfg = Release|Any CPU
		{6188AD3E-DFED-47D8-8696-A62A6D2DD296}.Release|ARM.Build.0 = Release|Any CPU
		{6188AD3E-DFED-47D8-8696-A62A6D2DD296}.Release|iPhone.ActiveCfg = Release|Any CPU
		{6188AD3E-DFED-47D8-8696-A62A6D2DD296}.Release|iPhone.Build.0 = Release|Any CPU
		{6188AD3E-DFED-47D8-8696-A62A6D2DD296}.Release|iPhoneSimulator.ActiveCfg = Release|Any CPU
		{6188AD3E-DFED-47D8-8696-A62A6D2DD296}.Release|iPhoneSimulator.Build.0 = Release|Any CPU
		{6188AD3E-DFED-47D8-8696-A62A6D2DD296}.Release|x64.ActiveCfg = Release|Any CPU
		{6188AD3E-DFED-47D8-8696-A62A6D2DD296}.Release|x64.Build.0 = Release|Any CPU
		{6188AD3E-DFED-47D8-8696-A62A6D2DD296}.Release|x86.ActiveCfg = Release|Any CPU
		{6188AD3E-DFED-47D8-8696-A62A6D2DD296}.Release|x86.Build.0 = Release|Any CPU
	EndGlobalSection
	GlobalSection(SolutionProperties) = preSolution
		HideSolutionNode = FALSE
	EndGlobalSection
	GlobalSection(ExtensibilityGlobals) = postSolution
		SolutionGuid = {09E0AA0E-B8A9-48FC-94FC-4E707AD3A083}
	EndGlobalSection
EndGlobal
